
Microsoft Visual Studio Solution File, Format Version 12.00
# Visual Studio Version 17
VisualStudioVersion = 17.3.32825.248
MinimumVisualStudioVersion = 10.0.40219.1
Project("{FAE04EC0-301F-11D3-BF4B-00C04F79EFBC}") = "CosmosDb", "CosmosDb\CosmosDb.csproj", "{64913747-4A42-4619-ADD7-FD7AD5BCDBA5}"
EndProject
Global
	GlobalSection(SolutionConfigurationPlatforms) = preSolution
		Debug|Any CPU = Debug|Any CPU
		Release|Any CPU = Release|Any CPU
	EndGlobalSection
	GlobalSection(ProjectConfigurationPlatforms) = postSolution
		{64913747-4A42-4619-ADD7-FD7AD5BCDBA5}.Debug|Any CPU.ActiveCfg = Debug|Any CPU
		{64913747-4A42-4619-ADD7-FD7AD5BCDBA5}.Debug|Any CPU.Build.0 = Debug|Any CPU
		{64913747-4A42-4619-ADD7-FD7AD5BCDBA5}.Release|Any CPU.ActiveCfg = Release|Any CPU
		{64913747-4A42-4619-ADD7-FD7AD5BCDBA5}.Release|Any CPU.Build.0 = Release|Any CPU
	EndGlobalSection
	GlobalSection(SolutionProperties) = preSolution
		HideSolutionNode = FALSE
	EndGlobalSection
	GlobalSection(ExtensibilityGlobals) = postSolution
		SolutionGuid = {CC29D324-7BC2-4F8A-9B7F-94DE32DDB063}
	EndGlobalSection
EndGlobal
